
Microsoft Visual Studio Solution File, Format Version 12.00
# Visual Studio 2012
Project("{FAE04EC0-301F-11D3-BF4B-00C04F79EFBC}") = "average_value_array", "average_value_array\average_value_array.csproj", "{06FE1915-4CB7-491A-9AAB-9E2EB2419812}"
EndProject
Global
	GlobalSection(SolutionConfigurationPlatforms) = preSolution
		Debug|Any CPU = Debug|Any CPU
		Release|Any CPU = Release|Any CPU
	EndGlobalSection
	GlobalSection(ProjectConfigurationPlatforms) = postSolution
		{06FE1915-4CB7-491A-9AAB-9E2EB2419812}.Debug|Any CPU.ActiveCfg = Debug|Any CPU
		{06FE1915-4CB7-491A-9AAB-9E2EB2419812}.Debug|Any CPU.Build.0 = Debug|Any CPU
		{06FE1915-4CB7-491A-9AAB-9E2EB2419812}.Release|Any CPU.ActiveCfg = Release|Any CPU
		{06FE1915-4CB7-491A-9AAB-9E2EB2419812}.Release|Any CPU.Build.0 = Release|Any CPU
	EndGlobalSection
EndGlobal
